<?xml version="1.0" encoding="utf-8"?>
<Project ToolsVersion="4.0" xmlns="http://schemas.microsoft.com/developer/msbuild/2003">
  <ItemGroup>
    <FxCompile Include="ColorShader.fx" />
    <FxCompile Include="Transform.fx">
      <Filter>Header</Filter>
    </FxCompile>
    <FxCompile Include="RenderBase.fx">
      <Filter>Header</Filter>
    </FxCompile>
    <FxCompile Include="TextureShader.fx">
      <Filter>2D</Filter>
    </FxCompile>
    <FxCompile Include="DebugColorShader.fx">
      <Filter>Debug</Filter>
    </FxCompile>
    <FxCompile Include="TargetMerge.fx">
      <Filter>Target</Filter>
    </FxCompile>
    <FxCompile Include="FadePostEffect.fx">
      <Filter>Effect</Filter>
    </FxCompile>
    <FxCompile Include="Function.fx">
      <Filter>Header</Filter>
    </FxCompile>
    <FxCompile Include="BlurPostEffect.fx">
      <Filter>Effect</Filter>
    </FxCompile>
    <FxCompile Include="ParticleUpdate.fx">
      <Filter>Particle</Filter>
    </FxCompile>
    <FxCompile Include="ParticleHeader.fx">
      <Filter>Particle</Filter>
    </FxCompile>
    <FxCompile Include="ParticleRender.fx">
      <Filter>Particle</Filter>
    </FxCompile>
    <FxCompile Include="Random.fx">
      <Filter>Header</Filter>
    </FxCompile>
  </ItemGroup>
  <ItemGroup>
    <Filter Include="Header">
      <UniqueIdentifier>{544db6c9-3175-41fa-be7e-76df7dd7ac3e}</UniqueIdentifier>
    </Filter>
    <Filter Include="2D">
      <UniqueIdentifier>{fdafb147-cd13-42f0-a254-1e20f043092c}</UniqueIdentifier>
    </Filter>
    <Filter Include="Debug">
      <UniqueIdentifier>{89644e0d-c76e-45e2-801b-b89c47769015}</UniqueIdentifier>
    </Filter>
    <Filter Include="Target">
      <UniqueIdentifier>{87d2bc15-9464-42b9-8b3c-f1b008b395db}</UniqueIdentifier>
    </Filter>
    <Filter Include="Effect">
      <UniqueIdentifier>{efece19d-d58e-4b55-be53-83da5197e76b}</UniqueIdentifier>
    </Filter>
    <Filter Include="Particle">
      <UniqueIdentifier>{0ff818ab-d5e0-4f2c-be3a-88a31df9d48b}</UniqueIdentifier>
    </Filter>
  </ItemGroup>
  <ItemGroup>
    <None Include="DebugLineShader.fx">
      <Filter>Debug</Filter>
    </None>
  </ItemGroup>
</Project>