<?xml version="1.0" encoding="utf-8"?>
<Project ToolsVersion="4.0" xmlns="http://schemas.microsoft.com/developer/msbuild/2003">
  <ItemGroup>
    <FxCompile Include="ColorShader.fx" />
    <FxCompile Include="Transform.fx">
      <Filter>Header</Filter>
    </FxCompile>
    <FxCompile Include="DebugColorShader.fx" />
    <FxCompile Include="RenderBase.fx">
      <Filter>Header</Filter>
    </FxCompile>
    <FxCompile Include="TextureShader.fx">
      <Filter>2D</Filter>
    </FxCompile>
  </ItemGroup>
  <ItemGroup>
    <Filter Include="Header">
      <UniqueIdentifier>{544db6c9-3175-41fa-be7e-76df7dd7ac3e}</UniqueIdentifier>
    </Filter>
    <Filter Include="2D">
      <UniqueIdentifier>{fdafb147-cd13-42f0-a254-1e20f043092c}</UniqueIdentifier>
    </Filter>
  </ItemGroup>
</Project>