<?xml version="1.0" encoding="utf-8"?>
<Project ToolsVersion="4.0" xmlns="http://schemas.microsoft.com/developer/msbuild/2003">
  <ItemGroup>
    <Filter Include="PreCompile">
      <UniqueIdentifier>{bdad9292-0440-4cf0-b7ff-097d4ecfef45}</UniqueIdentifier>
    </Filter>
    <Filter Include="Level">
      <UniqueIdentifier>{ea0751e4-55cf-47c9-b99a-4f6daa1e288f}</UniqueIdentifier>
    </Filter>
    <Filter Include="Level\0. Title">
      <UniqueIdentifier>{15d2e981-d1fb-43fd-beb8-910dda7b9c63}</UniqueIdentifier>
    </Filter>
    <Filter Include="Level\0. Title\Object">
      <UniqueIdentifier>{27712df7-f33b-4253-99dc-1b121ca33ed0}</UniqueIdentifier>
    </Filter>
    <Filter Include="Actor">
      <UniqueIdentifier>{1ed2653e-455b-4df4-b4a0-fe4cb1bc3f93}</UniqueIdentifier>
    </Filter>
    <Filter Include="Actor\Character">
      <UniqueIdentifier>{2a2990b4-20f8-4cf4-a0d6-e4643869c91f}</UniqueIdentifier>
    </Filter>
    <Filter Include="Level\2. Tutorial">
      <UniqueIdentifier>{11567a07-478f-45cb-a101-28f1beb0195f}</UniqueIdentifier>
    </Filter>
    <Filter Include="Level\2. Tutorial\Object">
      <UniqueIdentifier>{99e97766-ba3d-4749-a0d2-8c653a0ce2f0}</UniqueIdentifier>
    </Filter>
    <Filter Include="Level\3. OverWorld">
      <UniqueIdentifier>{58d35493-8a6a-4854-bf90-08d8e66b2e21}</UniqueIdentifier>
    </Filter>
    <Filter Include="Level\4. SubBossStage">
      <UniqueIdentifier>{5aef9699-05f0-4d62-bd2d-2968aad90ffe}</UniqueIdentifier>
    </Filter>
    <Filter Include="Level\4. SubBossStage\Stage1">
      <UniqueIdentifier>{7b21f813-e4b5-4b9b-b0bc-7709c9a80ca0}</UniqueIdentifier>
    </Filter>
    <Filter Include="Level\4. SubBossStage\Stage2">
      <UniqueIdentifier>{dc12733e-11a5-4df7-8d86-d5b2f74ee8df}</UniqueIdentifier>
    </Filter>
    <Filter Include="Level\4. SubBossStage\Stage3">
      <UniqueIdentifier>{2cff034a-1696-4245-9e5f-ae613ef4e030}</UniqueIdentifier>
    </Filter>
    <Filter Include="Level\4. SubBossStage\Stage4">
      <UniqueIdentifier>{31c249c7-e6c9-4412-809a-1bb8e7c23916}</UniqueIdentifier>
    </Filter>
    <Filter Include="Level\4. SubBossStage\Stage5">
      <UniqueIdentifier>{71dda4f7-8566-4fa9-8c83-f4150dc64037}</UniqueIdentifier>
    </Filter>
    <Filter Include="Level\4. SubBossStage\Stage6">
      <UniqueIdentifier>{9793a7cd-b3ae-43c1-9841-89b138f47121}</UniqueIdentifier>
    </Filter>
    <Filter Include="Level\4. SubBossStage\Stage7">
      <UniqueIdentifier>{f7bf2631-2d6d-450b-a3f8-7466b4dea3ed}</UniqueIdentifier>
    </Filter>
    <Filter Include="Level\4. SubBossStage\Stage8">
      <UniqueIdentifier>{c6b48854-ed5c-4d0c-aa6a-a0327db16ed3}</UniqueIdentifier>
    </Filter>
    <Filter Include="Level\4. SubBossStage\Stage9">
      <UniqueIdentifier>{e6663c0c-ad12-4732-9208-5b8f82e49562}</UniqueIdentifier>
    </Filter>
    <Filter Include="Level\5. BossStage">
      <UniqueIdentifier>{81f60ae3-58da-4b8c-9312-69de336a4606}</UniqueIdentifier>
    </Filter>
    <Filter Include="Level\5. BossStage\Object">
      <UniqueIdentifier>{11b6580f-a87f-4c97-8df3-72647015b7d3}</UniqueIdentifier>
    </Filter>
    <Filter Include="Level\1. StoryBook">
      <UniqueIdentifier>{0d1eb0f5-e930-4c04-a14d-965b9f4225d7}</UniqueIdentifier>
    </Filter>
    <Filter Include="Level\1. StoryBook\Object">
      <UniqueIdentifier>{f1a1a6e1-c343-41fd-b3e4-c708631505f9}</UniqueIdentifier>
    </Filter>
    <Filter Include="Level\5. BossStage\Boss">
      <UniqueIdentifier>{6ffc84d5-21a8-4ff1-b5b9-c695a330085e}</UniqueIdentifier>
    </Filter>
    <Filter Include="Actor\Weapon">
      <UniqueIdentifier>{1400e6be-a78a-4d6a-a545-4e31ac28ce07}</UniqueIdentifier>
    </Filter>
    <Filter Include="Level\4. SubBossStage\Stage2\Object">
      <UniqueIdentifier>{58b9728b-e69f-49c5-ad76-5118b635abe4}</UniqueIdentifier>
    </Filter>
    <Filter Include="Level\4. SubBossStage\Stage2\Boss">
      <UniqueIdentifier>{f0ab76a6-c00a-49f0-a070-5500e6346d39}</UniqueIdentifier>
    </Filter>
    <Filter Include="Global">
      <UniqueIdentifier>{d99aee84-6dd1-46c7-84e4-1c5264984631}</UniqueIdentifier>
    </Filter>
    <Filter Include="Level\4. SubBossStage\Stage1\Boss">
      <UniqueIdentifier>{04523b26-05b6-4017-919b-dcd36a6ed5fd}</UniqueIdentifier>
    </Filter>
    <Filter Include="Level\4. SubBossStage\Stage1\Object">
      <UniqueIdentifier>{9aeced3b-01cd-4579-9d94-a4afd5f3a715}</UniqueIdentifier>
    </Filter>
    <Filter Include="Actor\Character\Effect">
      <UniqueIdentifier>{4435ad7d-5283-4b69-a073-893bb5b7b480}</UniqueIdentifier>
    </Filter>
    <Filter Include="Level\6. Loading">
      <UniqueIdentifier>{ed79b041-cc3e-4d84-a1de-856582c0e989}</UniqueIdentifier>
    </Filter>
    <Filter Include="Level\6. Loading\Object">
      <UniqueIdentifier>{d56f88d5-4ad1-40fe-b30b-ec8d68927956}</UniqueIdentifier>
    </Filter>
    <Filter Include="Actor\UI">
      <UniqueIdentifier>{578f6b63-2ced-4c1d-8c8b-f7e9e79a3ba3}</UniqueIdentifier>
    </Filter>
    <Filter Include="Actor\Effect">
      <UniqueIdentifier>{ef2f2e25-1171-42d6-a2f2-99bf49345036}</UniqueIdentifier>
    </Filter>
    <Filter Include="Level\4. SubBossStage\Stage3\Boss">
      <UniqueIdentifier>{cb04354f-668d-4bbc-b237-60c564f21712}</UniqueIdentifier>
    </Filter>
    <Filter Include="Level\4. SubBossStage\Stage3\Object">
      <UniqueIdentifier>{666c411c-d7b1-4433-858d-2d36f7548d4d}</UniqueIdentifier>
    </Filter>
    <Filter Include="Level\4. SubBossStage\Stage4\Boss">
      <UniqueIdentifier>{4a4c1652-8816-45d7-b017-691b83ce16d1}</UniqueIdentifier>
    </Filter>
    <Filter Include="Level\4. SubBossStage\Stage4\Object">
      <UniqueIdentifier>{d3c2b590-1dd4-4199-8f42-9181cbf3d153}</UniqueIdentifier>
    </Filter>
  </ItemGroup>
  <ItemGroup>
    <ClInclude Include="PreCompile.h">
      <Filter>PreCompile</Filter>
    </ClInclude>
    <ClInclude Include="ContentsCore.h" />
    <ClInclude Include="TitleLevel.h">
      <Filter>Level\0. Title</Filter>
    </ClInclude>
    <ClInclude Include="LogoLevel.h">
      <Filter>Level\0. Title</Filter>
    </ClInclude>
    <ClInclude Include="OverWorldLevel.h">
      <Filter>Level\3. OverWorld</Filter>
    </ClInclude>
    <ClInclude Include="BaseCharacter.h">
      <Filter>Actor\Character</Filter>
    </ClInclude>
    <ClInclude Include="ActorEnum.h">
      <Filter>Actor</Filter>
    </ClInclude>
    <ClInclude Include="Cuphead.h">
      <Filter>Actor\Character</Filter>
    </ClInclude>
    <ClInclude Include="TipsyTroopLevel.h">
      <Filter>Level\4. SubBossStage\Stage1</Filter>
    </ClInclude>
    <ClInclude Include="ChipsBettiganLevel.h">
      <Filter>Level\4. SubBossStage\Stage2</Filter>
    </ClInclude>
    <ClInclude Include="MrWheezyLevel.h">
      <Filter>Level\4. SubBossStage\Stage3</Filter>
    </ClInclude>
    <ClInclude Include="HopusPocusLevel.h">
      <Filter>Level\4. SubBossStage\Stage5</Filter>
    </ClInclude>
    <ClInclude Include="PipandDotLevel.h">
      <Filter>Level\4. SubBossStage\Stage4</Filter>
    </ClInclude>
    <ClInclude Include="PhearLapLevel.h">
      <Filter>Level\4. SubBossStage\Stage6</Filter>
    </ClInclude>
    <ClInclude Include="PiroulettaLevel.h">
      <Filter>Level\4. SubBossStage\Stage7</Filter>
    </ClInclude>
    <ClInclude Include="MangosteenLevel.h">
      <Filter>Level\4. SubBossStage\Stage8</Filter>
    </ClInclude>
    <ClInclude Include="MrChimesLevel.h">
      <Filter>Level\4. SubBossStage\Stage9</Filter>
    </ClInclude>
    <ClInclude Include="KingDiceLevel.h">
      <Filter>Level\5. BossStage</Filter>
    </ClInclude>
    <ClInclude Include="BaseWeapon.h">
      <Filter>Actor\Weapon</Filter>
    </ClInclude>
    <ClInclude Include="TutorialLevel.h">
      <Filter>Level\2. Tutorial</Filter>
    </ClInclude>
    <ClInclude Include="TitleMenuBackground.h">
      <Filter>Level\0. Title\Object</Filter>
    </ClInclude>
    <ClInclude Include="Cuphead_And_Mugman.h">
      <Filter>Level\0. Title\Object</Filter>
    </ClInclude>
    <ClInclude Include="Logo_Mdhr.h">
      <Filter>Level\0. Title\Object</Filter>
    </ClInclude>
    <ClInclude Include="TitleBackground.h">
      <Filter>Level\0. Title\Object</Filter>
    </ClInclude>
    <ClInclude Include="IntroLevel.h">
      <Filter>Level\1. StoryBook</Filter>
    </ClInclude>
    <ClInclude Include="OutroLevel.h">
      <Filter>Level\1. StoryBook</Filter>
    </ClInclude>
    <ClInclude Include="StoryBook.h">
      <Filter>Level\1. StoryBook\Object</Filter>
    </ClInclude>
    <ClInclude Include="KingDice.h">
      <Filter>Level\5. BossStage\Boss</Filter>
    </ClInclude>
    <ClInclude Include="Peashot.h">
      <Filter>Actor\Weapon</Filter>
    </ClInclude>
    <ClInclude Include="ContentEnum.h">
      <Filter>Global</Filter>
    </ClInclude>
    <ClInclude Include="ContentLevel.h">
      <Filter>Global</Filter>
    </ClInclude>
    <ClInclude Include="ContentBackground.h">
      <Filter>Global</Filter>
    </ClInclude>
    <ClInclude Include="ChipsBettigan.h">
      <Filter>Level\4. SubBossStage\Stage2\Boss</Filter>
    </ClInclude>
    <ClInclude Include="TopSmoke.h">
      <Filter>Level\4. SubBossStage\Stage2\Object</Filter>
    </ClInclude>
    <ClInclude Include="CigSmoke.h">
      <Filter>Level\4. SubBossStage\Stage2\Object</Filter>
    </ClInclude>
    <ClInclude Include="ContentActor.h">
      <Filter>Global</Filter>
    </ClInclude>
    <ClInclude Include="Martini.h">
      <Filter>Level\4. SubBossStage\Stage1\Boss</Filter>
    </ClInclude>
    <ClInclude Include="Scotch.h">
      <Filter>Level\4. SubBossStage\Stage1\Boss</Filter>
    </ClInclude>
    <ClInclude Include="Rum.h">
      <Filter>Level\4. SubBossStage\Stage1\Boss</Filter>
    </ClInclude>
    <ClInclude Include="Attack_Chips.h">
      <Filter>Level\4. SubBossStage\Stage2\Object</Filter>
    </ClInclude>
    <ClInclude Include="JumpDust.h">
      <Filter>Actor\Character\Effect</Filter>
    </ClInclude>
    <ClInclude Include="DashDust.h">
      <Filter>Actor\Character\Effect</Filter>
    </ClInclude>
    <ClInclude Include="Dice.h">
      <Filter>Level\5. BossStage\Object</Filter>
    </ClInclude>
    <ClInclude Include="RunDust.h">
      <Filter>Actor\Character\Effect</Filter>
    </ClInclude>
    <ClInclude Include="Attack_Olive.h">
      <Filter>Level\4. SubBossStage\Stage1\Object</Filter>
    </ClInclude>
    <ClInclude Include="Attack_Liquid.h">
      <Filter>Level\4. SubBossStage\Stage1\Object</Filter>
    </ClInclude>
    <ClInclude Include="Attack_Spew.h">
      <Filter>Level\4. SubBossStage\Stage1\Object</Filter>
    </ClInclude>
    <ClInclude Include="ContentGUI.h">
      <Filter>Global</Filter>
    </ClInclude>
    <ClInclude Include="HeathUp.h">
      <Filter>Level\5. BossStage\Object</Filter>
    </ClInclude>
    <ClInclude Include="Marker.h">
      <Filter>Level\5. BossStage\Object</Filter>
    </ClInclude>
    <ClInclude Include="ParrySpark_Character.h">
      <Filter>Actor\Character\Effect</Filter>
    </ClInclude>
    <ClInclude Include="HitFX.h">
      <Filter>Actor\Character\Effect</Filter>
    </ClInclude>
    <ClInclude Include="LoadingLevel.h">
      <Filter>Level\6. Loading</Filter>
    </ClInclude>
    <ClInclude Include="Hourglass.h">
      <Filter>Level\6. Loading\Object</Filter>
    </ClInclude>
    <ClInclude Include="FadeAnimation.h">
      <Filter>Actor\UI</Filter>
    </ClInclude>
    <ClInclude Include="FightText.h">
      <Filter>Actor\UI</Filter>
    </ClInclude>
    <ClInclude Include="BossExplosion.h">
      <Filter>Actor\Effect</Filter>
    </ClInclude>
    <ClInclude Include="ParrySpark_Object.h">
      <Filter>Actor\Effect</Filter>
    </ClInclude>
    <ClInclude Include="MrWheezy.h">
      <Filter>Level\4. SubBossStage\Stage3\Boss</Filter>
    </ClInclude>
    <ClInclude Include="CigarFire.h">
      <Filter>Level\4. SubBossStage\Stage3\Object</Filter>
    </ClInclude>
    <ClInclude Include="Background_Smokers.h">
      <Filter>Level\4. SubBossStage\Stage3\Object</Filter>
    </ClInclude>
    <ClInclude Include="Attack_FireBullet.h">
      <Filter>Level\4. SubBossStage\Stage3\Object</Filter>
    </ClInclude>
    <ClInclude Include="Attack_CiggyDemon.h">
      <Filter>Level\4. SubBossStage\Stage3\Object</Filter>
    </ClInclude>
    <ClInclude Include="PipandDot.h">
      <Filter>Level\4. SubBossStage\Stage4\Boss</Filter>
    </ClInclude>
    <ClInclude Include="Background_White.h">
      <Filter>Level\4. SubBossStage\Stage4\Object</Filter>
    </ClInclude>
    <ClInclude Include="Background_Close.h">
      <Filter>Level\4. SubBossStage\Stage4\Object</Filter>
    </ClInclude>
    <ClInclude Include="Background_Middle.h">
      <Filter>Level\4. SubBossStage\Stage4\Object</Filter>
    </ClInclude>
    <ClInclude Include="Background_Far.h">
      <Filter>Level\4. SubBossStage\Stage4\Object</Filter>
    </ClInclude>
    <ClInclude Include="Attack_Card.h">
      <Filter>Level\5. BossStage\Object</Filter>
    </ClInclude>
    <ClInclude Include="ElderKettleLevel.h">
      <Filter>Level\2. Tutorial</Filter>
    </ClInclude>
    <ClInclude Include="ElderKettle.h">
      <Filter>Level\2. Tutorial\Object</Filter>
    </ClInclude>
    <ClInclude Include="EnterMessage.h">
      <Filter>Level\2. Tutorial\Object</Filter>
    </ClInclude>
    <ClInclude Include="MusicNote.h">
      <Filter>Level\2. Tutorial\Object</Filter>
    </ClInclude>
  </ItemGroup>
  <ItemGroup>
    <ClCompile Include="PreCompile.cpp">
      <Filter>PreCompile</Filter>
    </ClCompile>
    <ClCompile Include="ContentsCore.cpp" />
    <ClCompile Include="TitleLevel.cpp">
      <Filter>Level\0. Title</Filter>
    </ClCompile>
    <ClCompile Include="LogoLevel.cpp">
      <Filter>Level\0. Title</Filter>
    </ClCompile>
    <ClCompile Include="OverWorldLevel.cpp">
      <Filter>Level\3. OverWorld</Filter>
    </ClCompile>
    <ClCompile Include="BaseCharacter.cpp">
      <Filter>Actor\Character</Filter>
    </ClCompile>
    <ClCompile Include="BaseCharacter_State.cpp">
      <Filter>Actor\Character</Filter>
    </ClCompile>
    <ClCompile Include="Cuphead.cpp">
      <Filter>Actor\Character</Filter>
    </ClCompile>
    <ClCompile Include="TipsyTroopLevel.cpp">
      <Filter>Level\4. SubBossStage\Stage1</Filter>
    </ClCompile>
    <ClCompile Include="ChipsBettiganLevel.cpp">
      <Filter>Level\4. SubBossStage\Stage2</Filter>
    </ClCompile>
    <ClCompile Include="MrWheezyLevel.cpp">
      <Filter>Level\4. SubBossStage\Stage3</Filter>
    </ClCompile>
    <ClCompile Include="HopusPocusLevel.cpp">
      <Filter>Level\4. SubBossStage\Stage5</Filter>
    </ClCompile>
    <ClCompile Include="PipandDotLevel.cpp">
      <Filter>Level\4. SubBossStage\Stage4</Filter>
    </ClCompile>
    <ClCompile Include="PhearLapLevel.cpp">
      <Filter>Level\4. SubBossStage\Stage6</Filter>
    </ClCompile>
    <ClCompile Include="PiroulettaLevel.cpp">
      <Filter>Level\4. SubBossStage\Stage7</Filter>
    </ClCompile>
    <ClCompile Include="MangosteenLevel.cpp">
      <Filter>Level\4. SubBossStage\Stage8</Filter>
    </ClCompile>
    <ClCompile Include="MrChimesLevel.cpp">
      <Filter>Level\4. SubBossStage\Stage9</Filter>
    </ClCompile>
    <ClCompile Include="KingDiceLevel.cpp">
      <Filter>Level\5. BossStage</Filter>
    </ClCompile>
    <ClCompile Include="Peashot.cpp">
      <Filter>Actor\Weapon</Filter>
    </ClCompile>
    <ClCompile Include="BaseWeapon.cpp">
      <Filter>Actor\Weapon</Filter>
    </ClCompile>
    <ClCompile Include="TutorialLevel.cpp">
      <Filter>Level\2. Tutorial</Filter>
    </ClCompile>
    <ClCompile Include="TitleMenuBackground.cpp">
      <Filter>Level\0. Title\Object</Filter>
    </ClCompile>
    <ClCompile Include="Cuphead_And_Mugman.cpp">
      <Filter>Level\0. Title\Object</Filter>
    </ClCompile>
    <ClCompile Include="Logo_Mdhr.cpp">
      <Filter>Level\0. Title\Object</Filter>
    </ClCompile>
    <ClCompile Include="TitleBackground.cpp">
      <Filter>Level\0. Title\Object</Filter>
    </ClCompile>
    <ClCompile Include="IntroLevel.cpp">
      <Filter>Level\1. StoryBook</Filter>
    </ClCompile>
    <ClCompile Include="OutroLevel.cpp">
      <Filter>Level\1. StoryBook</Filter>
    </ClCompile>
    <ClCompile Include="StoryBook.cpp">
      <Filter>Level\1. StoryBook\Object</Filter>
    </ClCompile>
    <ClCompile Include="KingDice.cpp">
      <Filter>Level\5. BossStage\Boss</Filter>
    </ClCompile>
    <ClCompile Include="BaseWeapon_State.cpp">
      <Filter>Actor\Weapon</Filter>
    </ClCompile>
    <ClCompile Include="KingDice_State.cpp">
      <Filter>Level\5. BossStage\Boss</Filter>
    </ClCompile>
    <ClCompile Include="ContentLevel.cpp">
      <Filter>Global</Filter>
    </ClCompile>
    <ClCompile Include="ContentBackground.cpp">
      <Filter>Global</Filter>
    </ClCompile>
    <ClCompile Include="ChipsBettigan.cpp">
      <Filter>Level\4. SubBossStage\Stage2\Boss</Filter>
    </ClCompile>
    <ClCompile Include="ChipsBettigan_State.cpp">
      <Filter>Level\4. SubBossStage\Stage2\Boss</Filter>
    </ClCompile>
    <ClCompile Include="TopSmoke.cpp">
      <Filter>Level\4. SubBossStage\Stage2\Object</Filter>
    </ClCompile>
    <ClCompile Include="CigSmoke.cpp">
      <Filter>Level\4. SubBossStage\Stage2\Object</Filter>
    </ClCompile>
    <ClCompile Include="ContentActor.cpp">
      <Filter>Global</Filter>
    </ClCompile>
    <ClCompile Include="Martini.cpp">
      <Filter>Level\4. SubBossStage\Stage1\Boss</Filter>
    </ClCompile>
    <ClCompile Include="Scotch.cpp">
      <Filter>Level\4. SubBossStage\Stage1\Boss</Filter>
    </ClCompile>
    <ClCompile Include="Rum.cpp">
      <Filter>Level\4. SubBossStage\Stage1\Boss</Filter>
    </ClCompile>
    <ClCompile Include="TipsyTroopLevel_Load.cpp">
      <Filter>Level\4. SubBossStage\Stage1</Filter>
    </ClCompile>
    <ClCompile Include="Attack_Chips.cpp">
      <Filter>Level\4. SubBossStage\Stage2\Object</Filter>
    </ClCompile>
    <ClCompile Include="JumpDust.cpp">
      <Filter>Actor\Character\Effect</Filter>
    </ClCompile>
    <ClCompile Include="DashDust.cpp">
      <Filter>Actor\Character\Effect</Filter>
    </ClCompile>
    <ClCompile Include="Dice.cpp">
      <Filter>Level\5. BossStage\Object</Filter>
    </ClCompile>
    <ClCompile Include="BaseCharacter_Effect.cpp">
      <Filter>Actor\Character</Filter>
    </ClCompile>
    <ClCompile Include="RunDust.cpp">
      <Filter>Actor\Character\Effect</Filter>
    </ClCompile>
    <ClCompile Include="Content_Resources.cpp" />
    <ClCompile Include="Attack_Olive.cpp">
      <Filter>Level\4. SubBossStage\Stage1\Object</Filter>
    </ClCompile>
    <ClCompile Include="Attack_Liquid.cpp">
      <Filter>Level\4. SubBossStage\Stage1\Object</Filter>
    </ClCompile>
    <ClCompile Include="Attack_Spew.cpp">
      <Filter>Level\4. SubBossStage\Stage1\Object</Filter>
    </ClCompile>
    <ClCompile Include="ContentGUI.cpp">
      <Filter>Global</Filter>
    </ClCompile>
    <ClCompile Include="KingDiceLevel_Load.cpp">
      <Filter>Level\5. BossStage</Filter>
    </ClCompile>
    <ClCompile Include="HeathUp.cpp">
      <Filter>Level\5. BossStage\Object</Filter>
    </ClCompile>
    <ClCompile Include="ParrySpark_Character.cpp">
      <Filter>Actor\Character\Effect</Filter>
    </ClCompile>
    <ClCompile Include="HitFX.cpp">
      <Filter>Actor\Character\Effect</Filter>
    </ClCompile>
    <ClCompile Include="LoadingLevel.cpp">
      <Filter>Level\6. Loading</Filter>
    </ClCompile>
    <ClCompile Include="Hourglass.cpp">
      <Filter>Level\6. Loading\Object</Filter>
    </ClCompile>
    <ClCompile Include="FadeAnimation.cpp">
      <Filter>Actor\UI</Filter>
    </ClCompile>
    <ClCompile Include="FightText.cpp">
      <Filter>Actor\UI</Filter>
    </ClCompile>
    <ClCompile Include="BossExplosion.cpp">
      <Filter>Actor\Effect</Filter>
    </ClCompile>
    <ClCompile Include="ParrySpark_Object.cpp">
      <Filter>Actor\Effect</Filter>
    </ClCompile>
    <ClCompile Include="MrWheezy.cpp">
      <Filter>Level\4. SubBossStage\Stage3\Boss</Filter>
    </ClCompile>
    <ClCompile Include="MrWheezy_State.cpp">
      <Filter>Level\4. SubBossStage\Stage3\Boss</Filter>
    </ClCompile>
    <ClCompile Include="MrWheezyLevel_Load.cpp">
      <Filter>Level\4. SubBossStage\Stage3</Filter>
    </ClCompile>
    <ClCompile Include="CigarFire.cpp">
      <Filter>Level\4. SubBossStage\Stage3\Object</Filter>
    </ClCompile>
    <ClCompile Include="Background_Smokers.cpp">
      <Filter>Level\4. SubBossStage\Stage3\Object</Filter>
    </ClCompile>
    <ClCompile Include="Attack_FireBullet.cpp">
      <Filter>Level\4. SubBossStage\Stage3\Object</Filter>
    </ClCompile>
    <ClCompile Include="Attack_CiggyDemon.cpp">
      <Filter>Level\4. SubBossStage\Stage3\Object</Filter>
    </ClCompile>
    <ClCompile Include="PipandDot.cpp">
      <Filter>Level\4. SubBossStage\Stage4\Boss</Filter>
    </ClCompile>
    <ClCompile Include="PipandDot_State.cpp">
      <Filter>Level\4. SubBossStage\Stage4\Boss</Filter>
    </ClCompile>
    <ClCompile Include="PipandDotLevel_Load.cpp">
      <Filter>Level\4. SubBossStage\Stage4</Filter>
    </ClCompile>
    <ClCompile Include="Background_White.cpp">
      <Filter>Level\4. SubBossStage\Stage4\Object</Filter>
    </ClCompile>
    <ClCompile Include="Background_Close.cpp">
      <Filter>Level\4. SubBossStage\Stage4\Object</Filter>
    </ClCompile>
    <ClCompile Include="Background_Middle.cpp">
      <Filter>Level\4. SubBossStage\Stage4\Object</Filter>
    </ClCompile>
    <ClCompile Include="Background_Far.cpp">
      <Filter>Level\4. SubBossStage\Stage4\Object</Filter>
    </ClCompile>
    <ClCompile Include="Marker.cpp">
      <Filter>Level\5. BossStage\Object</Filter>
    </ClCompile>
    <ClCompile Include="Attack_Card.cpp">
      <Filter>Level\5. BossStage\Object</Filter>
    </ClCompile>
    <ClCompile Include="ElderKettleLevel.cpp">
      <Filter>Level\2. Tutorial</Filter>
    </ClCompile>
    <ClCompile Include="ElderKettle.cpp">
      <Filter>Level\2. Tutorial\Object</Filter>
    </ClCompile>
    <ClCompile Include="EnterMessage.cpp">
      <Filter>Level\2. Tutorial\Object</Filter>
    </ClCompile>
    <ClCompile Include="MusicNote.cpp">
      <Filter>Level\2. Tutorial\Object</Filter>
    </ClCompile>
  </ItemGroup>
</Project>